// !$*UTF8*$!
{
	archiveVersion = 1;
	classes = {
	};
	objectVersion = 55;
	objects = {

/* Begin PBXBuildFile section */
		661CB2B7271B093E00A5ED05 /* Friend.swift in Sources */ = {isa = PBXBuildFile; fileRef = 661CB2B6271B093E00A5ED05 /* Friend.swift */; };
		661CB2B9271B095600A5ED05 /* Group.swift in Sources */ = {isa = PBXBuildFile; fileRef = 661CB2B8271B095600A5ED05 /* Group.swift */; };
		661CB2BD271B0B5C00A5ED05 /* CustomTableViewCell.swift in Sources */ = {isa = PBXBuildFile; fileRef = 661CB2BB271B0B5C00A5ED05 /* CustomTableViewCell.swift */; };
		661CB2BE271B0B5C00A5ED05 /* CustomTableViewCell.xib in Resources */ = {isa = PBXBuildFile; fileRef = 661CB2BC271B0B5C00A5ED05 /* CustomTableViewCell.xib */; };
		661CB2C1271B10AE00A5ED05 /* FriendsViewController.swift in Sources */ = {isa = PBXBuildFile; fileRef = 661CB2C0271B10AE00A5ED05 /* FriendsViewController.swift */; };
		668721E22715CE6C00AC0630 /* AppDelegate.swift in Sources */ = {isa = PBXBuildFile; fileRef = 668721E12715CE6C00AC0630 /* AppDelegate.swift */; };
		668721E42715CE6C00AC0630 /* SceneDelegate.swift in Sources */ = {isa = PBXBuildFile; fileRef = 668721E32715CE6C00AC0630 /* SceneDelegate.swift */; };
		668721E92715CE6C00AC0630 /* Main.storyboard in Resources */ = {isa = PBXBuildFile; fileRef = 668721E72715CE6C00AC0630 /* Main.storyboard */; };
		668721EB2715CE6C00AC0630 /* Assets.xcassets in Resources */ = {isa = PBXBuildFile; fileRef = 668721EA2715CE6C00AC0630 /* Assets.xcassets */; };
		668721EE2715CE6C00AC0630 /* LaunchScreen.storyboard in Resources */ = {isa = PBXBuildFile; fileRef = 668721EC2715CE6C00AC0630 /* LaunchScreen.storyboard */; };
		668721F62715D8B000AC0630 /* LoginViewController.swift in Sources */ = {isa = PBXBuildFile; fileRef = 668721F52715D8B000AC0630 /* LoginViewController.swift */; };
/* End PBXBuildFile section */

/* Begin PBXFileReference section */
		661CB2B6271B093E00A5ED05 /* Friend.swift */ = {isa = PBXFileReference; lastKnownFileType = sourcecode.swift; path = Friend.swift; sourceTree = "<group>"; };
		661CB2B8271B095600A5ED05 /* Group.swift */ = {isa = PBXFileReference; lastKnownFileType = sourcecode.swift; path = Group.swift; sourceTree = "<group>"; };
		661CB2BB271B0B5C00A5ED05 /* CustomTableViewCell.swift */ = {isa = PBXFileReference; lastKnownFileType = sourcecode.swift; path = CustomTableViewCell.swift; sourceTree = "<group>"; };
		661CB2BC271B0B5C00A5ED05 /* CustomTableViewCell.xib */ = {isa = PBXFileReference; lastKnownFileType = file.xib; path = CustomTableViewCell.xib; sourceTree = "<group>"; };
		661CB2C0271B10AE00A5ED05 /* FriendsViewController.swift */ = {isa = PBXFileReference; lastKnownFileType = sourcecode.swift; path = FriendsViewController.swift; sourceTree = "<group>"; };
		668721DE2715CE6C00AC0630 /* VKclient-1.app */ = {isa = PBXFileReference; explicitFileType = wrapper.application; includeInIndex = 0; path = "VKclient-1.app"; sourceTree = BUILT_PRODUCTS_DIR; };
		668721E12715CE6C00AC0630 /* AppDelegate.swift */ = {isa = PBXFileReference; lastKnownFileType = sourcecode.swift; path = AppDelegate.swift; sourceTree = "<group>"; };
		668721E32715CE6C00AC0630 /* SceneDelegate.swift */ = {isa = PBXFileReference; lastKnownFileType = sourcecode.swift; path = SceneDelegate.swift; sourceTree = "<group>"; };
		668721E82715CE6C00AC0630 /* Base */ = {isa = PBXFileReference; lastKnownFileType = file.storyboard; name = Base; path = Base.lproj/Main.storyboard; sourceTree = "<group>"; };
		668721EA2715CE6C00AC0630 /* Assets.xcassets */ = {isa = PBXFileReference; lastKnownFileType = folder.assetcatalog; path = Assets.xcassets; sourceTree = "<group>"; };
		668721ED2715CE6C00AC0630 /* Base */ = {isa = PBXFileReference; lastKnownFileType = file.storyboard; name = Base; path = Base.lproj/LaunchScreen.storyboard; sourceTree = "<group>"; };
		668721EF2715CE6C00AC0630 /* Info.plist */ = {isa = PBXFileReference; lastKnownFileType = text.plist.xml; path = Info.plist; sourceTree = "<group>"; };
		668721F52715D8B000AC0630 /* LoginViewController.swift */ = {isa = PBXFileReference; lastKnownFileType = sourcecode.swift; path = LoginViewController.swift; sourceTree = "<group>"; };
/* End PBXFileReference section */

/* Begin PBXFrameworksBuildPhase section */
		668721DB2715CE6C00AC0630 /* Frameworks */ = {
			isa = PBXFrameworksBuildPhase;
			buildActionMask = 2147483647;
			files = (
			);
			runOnlyForDeploymentPostprocessing = 0;
		};
/* End PBXFrameworksBuildPhase section */

/* Begin PBXGroup section */
		661CB2B5271B092200A5ED05 /* Model */ = {
			isa = PBXGroup;
			children = (
				661CB2B6271B093E00A5ED05 /* Friend.swift */,
				661CB2B8271B095600A5ED05 /* Group.swift */,
			);
			path = Model;
			sourceTree = "<group>";
		};
		661CB2BA271B0AF300A5ED05 /* cells */ = {
			isa = PBXGroup;
			children = (
				661CB2BB271B0B5C00A5ED05 /* CustomTableViewCell.swift */,
				661CB2BC271B0B5C00A5ED05 /* CustomTableViewCell.xib */,
			);
			path = cells;
			sourceTree = "<group>";
		};
		661CB2BF271B107400A5ED05 /* Controllers */ = {
			isa = PBXGroup;
			children = (
				668721F52715D8B000AC0630 /* LoginViewController.swift */,
				661CB2C0271B10AE00A5ED05 /* FriendsViewController.swift */,
			);
			path = Controllers;
			sourceTree = "<group>";
		};
		668721D52715CE6C00AC0630 = {
			isa = PBXGroup;
			children = (
				668721E02715CE6C00AC0630 /* VKclient-1 */,
				668721DF2715CE6C00AC0630 /* Products */,
			);
			sourceTree = "<group>";
		};
		668721DF2715CE6C00AC0630 /* Products */ = {
			isa = PBXGroup;
			children = (
				668721DE2715CE6C00AC0630 /* VKclient-1.app */,
			);
			name = Products;
			sourceTree = "<group>";
		};
		668721E02715CE6C00AC0630 /* VKclient-1 */ = {
			isa = PBXGroup;
			children = (
				661CB2BF271B107400A5ED05 /* Controllers */,
				661CB2BA271B0AF300A5ED05 /* cells */,
				661CB2B5271B092200A5ED05 /* Model */,
				668721E12715CE6C00AC0630 /* AppDelegate.swift */,
				668721E32715CE6C00AC0630 /* SceneDelegate.swift */,
				668721E72715CE6C00AC0630 /* Main.storyboard */,
				668721EA2715CE6C00AC0630 /* Assets.xcassets */,
				668721EC2715CE6C00AC0630 /* LaunchScreen.storyboard */,
				668721EF2715CE6C00AC0630 /* Info.plist */,
			);
			path = "VKclient-1";
			sourceTree = "<group>";
		};
/* End PBXGroup section */

/* Begin PBXNativeTarget section */
		668721DD2715CE6C00AC0630 /* VKclient-1 */ = {
			isa = PBXNativeTarget;
			buildConfigurationList = 668721F22715CE6C00AC0630 /* Build configuration list for PBXNativeTarget "VKclient-1" */;
			buildPhases = (
				668721DA2715CE6C00AC0630 /* Sources */,
				668721DB2715CE6C00AC0630 /* Frameworks */,
				668721DC2715CE6C00AC0630 /* Resources */,
			);
			buildRules = (
			);
			dependencies = (
			);
			name = "VKclient-1";
			productName = "VKclient-1";
			productReference = 668721DE2715CE6C00AC0630 /* VKclient-1.app */;
			productType = "com.apple.product-type.application";
		};
/* End PBXNativeTarget section */

/* Begin PBXProject section */
		668721D62715CE6C00AC0630 /* Project object */ = {
			isa = PBXProject;
			attributes = {
				BuildIndependentTargetsInParallel = 1;
				LastSwiftUpdateCheck = 1300;
				LastUpgradeCheck = 1300;
				TargetAttributes = {
					668721DD2715CE6C00AC0630 = {
						CreatedOnToolsVersion = 13.0;
					};
				};
			};
			buildConfigurationList = 668721D92715CE6C00AC0630 /* Build configuration list for PBXProject "VKclient-1" */;
			compatibilityVersion = "Xcode 13.0";
			developmentRegion = en;
			hasScannedForEncodings = 0;
			knownRegions = (
				en,
				Base,
			);
			mainGroup = 668721D52715CE6C00AC0630;
			productRefGroup = 668721DF2715CE6C00AC0630 /* Products */;
			projectDirPath = "";
			projectRoot = "";
			targets = (
				668721DD2715CE6C00AC0630 /* VKclient-1 */,
			);
		};
/* End PBXProject section */

/* Begin PBXResourcesBuildPhase section */
		668721DC2715CE6C00AC0630 /* Resources */ = {
			isa = PBXResourcesBuildPhase;
			buildActionMask = 2147483647;
			files = (
				668721EE2715CE6C00AC0630 /* LaunchScreen.storyboard in Resources */,
				668721EB2715CE6C00AC0630 /* Assets.xcassets in Resources */,
				661CB2BE271B0B5C00A5ED05 /* CustomTableViewCell.xib in Resources */,
				668721E92715CE6C00AC0630 /* Main.storyboard in Resources */,
			);
			runOnlyForDeploymentPostprocessing = 0;
		};
/* End PBXResourcesBuildPhase section */

/* Begin PBXSourcesBuildPhase section */
		668721DA2715CE6C00AC0630 /* Sources */ = {
			isa = PBXSourcesBuildPhase;
			buildActionMask = 2147483647;
			files = (
				661CB2BD271B0B5C00A5ED05 /* CustomTableViewCell.swift in Sources */,
				668721F62715D8B000AC0630 /* LoginViewController.swift in Sources */,
				668721E22715CE6C00AC0630 /* AppDelegate.swift in Sources */,
				668721E42715CE6C00AC0630 /* SceneDelegate.swift in Sources */,
				661CB2C1271B10AE00A5ED05 /* FriendsViewController.swift in Sources */,
				661CB2B9271B095600A5ED05 /* Group.swift in Sources */,
				661CB2B7271B093E00A5ED05 /* Friend.swift in Sources */,
			);
			runOnlyForDeploymentPostprocessing = 0;
		};
/* End PBXSourcesBuildPhase section */

/* Begin PBXVariantGroup section */
		668721E72715CE6C00AC0630 /* Main.storyboard */ = {
			isa = PBXVariantGroup;
			children = (
				668721E82715CE6C00AC0630 /* Base */,
			);
			name = Main.storyboard;
			sourceTree = "<group>";
		};
		668721EC2715CE6C00AC0630 /* LaunchScreen.storyboard */ = {
			isa = PBXVariantGroup;
			children = (
				668721ED2715CE6C00AC0630 /* Base */,
			);
			name = LaunchScreen.storyboard;
			sourceTree = "<group>";
		};
/* End PBXVariantGroup section */

/* Begin XCBuildConfiguration section */
		668721F02715CE6C00AC0630 /* Debug */ = {
			isa = XCBuildConfiguration;
			buildSettings = {
				ALWAYS_SEARCH_USER_PATHS = NO;
				CLANG_ANALYZER_NONNULL = YES;
				CLANG_ANALYZER_NUMBER_OBJECT_CONVERSION = YES_AGGRESSIVE;
				CLANG_CXX_LANGUAGE_STANDARD = "gnu++17";
				CLANG_CXX_LIBRARY = "libc++";
				CLANG_ENABLE_MODULES = YES;
				CLANG_ENABLE_OBJC_ARC = YES;
				CLANG_ENABLE_OBJC_WEAK = YES;
				CLANG_WARN_BLOCK_CAPTURE_AUTORELEASING = YES;
				CLANG_WARN_BOOL_CONVERSION = YES;
				CLANG_WARN_COMMA = YES;
				CLANG_WARN_CONSTANT_CONVERSION = YES;
				CLANG_WARN_DEPRECATED_OBJC_IMPLEMENTATIONS = YES;
				CLANG_WARN_DIRECT_OBJC_ISA_USAGE = YES_ERROR;
				CLANG_WARN_DOCUMENTATION_COMMENTS = YES;
				CLANG_WARN_EMPTY_BODY = YES;
				CLANG_WARN_ENUM_CONVERSION = YES;
				CLANG_WARN_INFINITE_RECURSION = YES;
				CLANG_WARN_INT_CONVERSION = YES;
				CLANG_WARN_NON_LITERAL_NULL_CONVERSION = YES;
				CLANG_WARN_OBJC_IMPLICIT_RETAIN_SELF = YES;
				CLANG_WARN_OBJC_LITERAL_CONVERSION = YES;
				CLANG_WARN_OBJC_ROOT_CLASS = YES_ERROR;
				CLANG_WARN_QUOTED_INCLUDE_IN_FRAMEWORK_HEADER = YES;
				CLANG_WARN_RANGE_LOOP_ANALYSIS = YES;
				CLANG_WARN_STRICT_PROTOTYPES = YES;
				CLANG_WARN_SUSPICIOUS_MOVE = YES;
				CLANG_WARN_UNGUARDED_AVAILABILITY = YES_AGGRESSIVE;
				CLANG_WARN_UNREACHABLE_CODE = YES;
				CLANG_WARN__DUPLICATE_METHOD_MATCH = YES;
				COPY_PHASE_STRIP = NO;
				DEBUG_INFORMATION_FORMAT = dwarf;
				ENABLE_STRICT_OBJC_MSGSEND = YES;
				ENABLE_TESTABILITY = YES;
				GCC_C_LANGUAGE_STANDARD = gnu11;
				GCC_DYNAMIC_NO_PIC = NO;
				GCC_NO_COMMON_BLOCKS = YES;
				GCC_OPTIMIZATION_LEVEL = 0;
				GCC_PREPROCESSOR_DEFINITIONS = (
					"DEBUG=1",
					"$(inherited)",
				);
				GCC_WARN_64_TO_32_BIT_CONVERSION = YES;
				GCC_WARN_ABOUT_RETURN_TYPE = YES_ERROR;
				GCC_WARN_UNDECLARED_SELECTOR = YES;
				GCC_WARN_UNINITIALIZED_AUTOS = YES_AGGRESSIVE;
				GCC_WARN_UNUSED_FUNCTION = YES;
				GCC_WARN_UNUSED_VARIABLE = YES;
				IPHONEOS_DEPLOYMENT_TARGET = 15.0;
				MTL_ENABLE_DEBUG_INFO = INCLUDE_SOURCE;
				MTL_FAST_MATH = YES;
				ONLY_ACTIVE_ARCH = YES;
				SDKROOT = iphoneos;
				SWIFT_ACTIVE_COMPILATION_CONDITIONS = DEBUG;
				SWIFT_OPTIMIZATION_LEVEL = "-Onone";
			};
			name = Debug;
		};
		668721F12715CE6C00AC0630 /* Release */ = {
			isa = XCBuildConfiguration;
			buildSettings = {
				ALWAYS_SEARCH_USER_PATHS = NO;
				CLANG_ANALYZER_NONNULL = YES;
				CLANG_ANALYZER_NUMBER_OBJECT_CONVERSION = YES_AGGRESSIVE;
				CLANG_CXX_LANGUAGE_STANDARD = "gnu++17";
				CLANG_CXX_LIBRARY = "libc++";
				CLANG_ENABLE_MODULES = YES;
				CLANG_ENABLE_OBJC_ARC = YES;
				CLANG_ENABLE_OBJC_WEAK = YES;
				CLANG_WARN_BLOCK_CAPTURE_AUTORELEASING = YES;
				CLANG_WARN_BOOL_CONVERSION = YES;
				CLANG_WARN_COMMA = YES;
				CLANG_WARN_CONSTANT_CONVERSION = YES;
				CLANG_WARN_DEPRECATED_OBJC_IMPLEMENTATIONS = YES;
				CLANG_WARN_DIRECT_OBJC_ISA_USAGE = YES_ERROR;
				CLANG_WARN_DOCUMENTATION_COMMENTS = YES;
				CLANG_WARN_EMPTY_BODY = YES;
				CLANG_WARN_ENUM_CONVERSION = YES;
				CLANG_WARN_INFINITE_RECURSION = YES;
				CLANG_WARN_INT_CONVERSION = YES;
				CLANG_WARN_NON_LITERAL_NULL_CONVERSION = YES;
				CLANG_WARN_OBJC_IMPLICIT_RETAIN_SELF = YES;
				CLANG_WARN_OBJC_LITERAL_CONVERSION = YES;
				CLANG_WARN_OBJC_ROOT_CLASS = YES_ERROR;
				CLANG_WARN_QUOTED_INCLUDE_IN_FRAMEWORK_HEADER = YES;
				CLANG_WARN_RANGE_LOOP_ANALYSIS = YES;
				CLANG_WARN_STRICT_PROTOTYPES = YES;
				CLANG_WARN_SUSPICIOUS_MOVE = YES;
				CLANG_WARN_UNGUARDED_AVAILABILITY = YES_AGGRESSIVE;
				CLANG_WARN_UNREACHABLE_CODE = YES;
				CLANG_WARN__DUPLICATE_METHOD_MATCH = YES;
				COPY_PHASE_STRIP = NO;
				DEBUG_INFORMATION_FORMAT = "dwarf-with-dsym";
				ENABLE_NS_ASSERTIONS = NO;
				ENABLE_STRICT_OBJC_MSGSEND = YES;
				GCC_C_LANGUAGE_STANDARD = gnu11;
				GCC_NO_COMMON_BLOCKS = YES;
				GCC_WARN_64_TO_32_BIT_CONVERSION = YES;
				GCC_WARN_ABOUT_RETURN_TYPE = YES_ERROR;
				GCC_WARN_UNDECLARED_SELECTOR = YES;
				GCC_WARN_UNINITIALIZED_AUTOS = YES_AGGRESSIVE;
				GCC_WARN_UNUSED_FUNCTION = YES;
				GCC_WARN_UNUSED_VARIABLE = YES;
				IPHONEOS_DEPLOYMENT_TARGET = 15.0;
				MTL_ENABLE_DEBUG_INFO = NO;
				MTL_FAST_MATH = YES;
				SDKROOT = iphoneos;
				SWIFT_COMPILATION_MODE = wholemodule;
				SWIFT_OPTIMIZATION_LEVEL = "-O";
				VALIDATE_PRODUCT = YES;
			};
			name = Release;
		};
		668721F32715CE6C00AC0630 /* Debug */ = {
			isa = XCBuildConfiguration;
			buildSettings = {
				ASSETCATALOG_COMPILER_APPICON_NAME = AppIcon;
				ASSETCATALOG_COMPILER_GLOBAL_ACCENT_COLOR_NAME = AccentColor;
				CODE_SIGN_STYLE = Automatic;
				CURRENT_PROJECT_VERSION = 1;
				DEVELOPMENT_TEAM = C6LQWWG8ZU;
				GENERATE_INFOPLIST_FILE = YES;
				INFOPLIST_FILE = "VKclient-1/Info.plist";
				INFOPLIST_KEY_CFBundleDisplayName = "VK client";
				INFOPLIST_KEY_UIApplicationSupportsIndirectInputEvents = YES;
				INFOPLIST_KEY_UILaunchStoryboardName = LaunchScreen;
				INFOPLIST_KEY_UIMainStoryboardFile = Main;
				INFOPLIST_KEY_UISupportedInterfaceOrientations_iPad = "UIInterfaceOrientationPortrait UIInterfaceOrientationPortraitUpsideDown UIInterfaceOrientationLandscapeLeft UIInterfaceOrientationLandscapeRight";
				INFOPLIST_KEY_UISupportedInterfaceOrientations_iPhone = "UIInterfaceOrientationPortrait UIInterfaceOrientationLandscapeLeft UIInterfaceOrientationLandscapeRight";
				LD_RUNPATH_SEARCH_PATHS = (
					"$(inherited)",
					"@executable_path/Frameworks",
				);
				MARKETING_VERSION = 1.0;
				PRODUCT_BUNDLE_IDENTIFIER = "Peshkov-Taras.VKclient-1";
				PRODUCT_NAME = "$(TARGET_NAME)";
				SWIFT_EMIT_LOC_STRINGS = YES;
				SWIFT_VERSION = 5.0;
				TARGETED_DEVICE_FAMILY = "1,2";
			};
			name = Debug;
		};
		668721F42715CE6C00AC0630 /* Release */ = {
			isa = XCBuildConfiguration;
			buildSettings = {
				ASSETCATALOG_COMPILER_APPICON_NAME = AppIcon;
				ASSETCATALOG_COMPILER_GLOBAL_ACCENT_COLOR_NAME = AccentColor;
				CODE_SIGN_STYLE = Automatic;
				CURRENT_PROJECT_VERSION = 1;
				DEVELOPMENT_TEAM = C6LQWWG8ZU;
				GENERATE_INFOPLIST_FILE = YES;
				INFOPLIST_FILE = "VKclient-1/Info.plist";
				INFOPLIST_KEY_CFBundleDisplayName = "VK client";
				INFOPLIST_KEY_UIApplicationSupportsIndirectInputEvents = YES;
				INFOPLIST_KEY_UILaunchStoryboardName = LaunchScreen;
				INFOPLIST_KEY_UIMainStoryboardFile = Main;
				INFOPLIST_KEY_UISupportedInterfaceOrientations_iPad = "UIInterfaceOrientationPortrait UIInterfaceOrientationPortraitUpsideDown UIInterfaceOrientationLandscapeLeft UIInterfaceOrientationLandscapeRight";
				INFOPLIST_KEY_UISupportedInterfaceOrientations_iPhone = "UIInterfaceOrientationPortrait UIInterfaceOrientationLandscapeLeft UIInterfaceOrientationLandscapeRight";
				LD_RUNPATH_SEARCH_PATHS = (
					"$(inherited)",
					"@executable_path/Frameworks",
				);
				MARKETING_VERSION = 1.0;
				PRODUCT_BUNDLE_IDENTIFIER = "Peshkov-Taras.VKclient-1";
				PRODUCT_NAME = "$(TARGET_NAME)";
				SWIFT_EMIT_LOC_STRINGS = YES;
				SWIFT_VERSION = 5.0;
				TARGETED_DEVICE_FAMILY = "1,2";
			};
			name = Release;
		};
/* End XCBuildConfiguration section */

/* Begin XCConfigurationList section */
		668721D92715CE6C00AC0630 /* Build configuration list for PBXProject "VKclient-1" */ = {
			isa = XCConfigurationList;
			buildConfigurations = (
				668721F02715CE6C00AC0630 /* Debug */,
				668721F12715CE6C00AC0630 /* Release */,
			);
			defaultConfigurationIsVisible = 0;
			defaultConfigurationName = Release;
		};
		668721F22715CE6C00AC0630 /* Build configuration list for PBXNativeTarget "VKclient-1" */ = {
			isa = XCConfigurationList;
			buildConfigurations = (
				668721F32715CE6C00AC0630 /* Debug */,
				668721F42715CE6C00AC0630 /* Release */,
			);
			defaultConfigurationIsVisible = 0;
			defaultConfigurationName = Release;
		};
/* End XCConfigurationList section */
	};
	rootObject = 668721D62715CE6C00AC0630 /* Project object */;
}
